
Microsoft Visual Studio Solution File, Format Version 12.00
# Visual Studio Version 16
VisualStudioVersion = 16.0.29326.143
MinimumVisualStudioVersion = 10.0.40219.1
Project("{FAE04EC0-301F-11D3-BF4B-00C04F79EFBC}") = "WpfSaimmodThree", "WpfSaimmodThree\WpfSaimmodThree.csproj", "{2F7A4DD1-0E58-4F8F-8DBD-2E273B1A3E71}"
EndProject
Global
	GlobalSection(SolutionConfigurationPlatforms) = preSolution
		Debug|Any CPU = Debug|Any CPU
		Release|Any CPU = Release|Any CPU
	EndGlobalSection
	GlobalSection(ProjectConfigurationPlatforms) = postSolution
		{2F7A4DD1-0E58-4F8F-8DBD-2E273B1A3E71}.Debug|Any CPU.ActiveCfg = Debug|Any CPU
		{2F7A4DD1-0E58-4F8F-8DBD-2E273B1A3E71}.Debug|Any CPU.Build.0 = Debug|Any CPU
		{2F7A4DD1-0E58-4F8F-8DBD-2E273B1A3E71}.Release|Any CPU.ActiveCfg = Release|Any CPU
		{2F7A4DD1-0E58-4F8F-8DBD-2E273B1A3E71}.Release|Any CPU.Build.0 = Release|Any CPU
	EndGlobalSection
	GlobalSection(SolutionProperties) = preSolution
		HideSolutionNode = FALSE
	EndGlobalSection
	GlobalSection(ExtensibilityGlobals) = postSolution
		SolutionGuid = {CC3D3CE0-0389-46CA-B627-7403BE2E2EAD}
	EndGlobalSection
EndGlobal
